
Microsoft Visual Studio Solution File, Format Version 12.00
# Visual Studio Version 16
VisualStudioVersion = 16.0.31424.327
MinimumVisualStudioVersion = 10.0.40219.1
Project("{9A19103F-16F7-4668-BE54-9A1E7A4F7556}") = "Product Inventory Manager", "Product Inventory Manager\Product Inventory Manager.csproj", "{CF5C05A5-CBA2-4F86-BF04-4B4D78086C9E}"
EndProject
Project("{FAE04EC0-301F-11D3-BF4B-00C04F79EFBC}") = "PIM Tests", "PIM Tests\PIM Tests.csproj", "{716D1C92-01F6-47F7-93FA-5C7062FA3E34}"
EndProject
Global
	GlobalSection(SolutionConfigurationPlatforms) = preSolution
		Debug|Any CPU = Debug|Any CPU
		Release|Any CPU = Release|Any CPU
	EndGlobalSection
	GlobalSection(ProjectConfigurationPlatforms) = postSolution
		{CF5C05A5-CBA2-4F86-BF04-4B4D78086C9E}.Debug|Any CPU.ActiveCfg = Debug|Any CPU
		{CF5C05A5-CBA2-4F86-BF04-4B4D78086C9E}.Debug|Any CPU.Build.0 = Debug|Any CPU
		{CF5C05A5-CBA2-4F86-BF04-4B4D78086C9E}.Release|Any CPU.ActiveCfg = Release|Any CPU
		{CF5C05A5-CBA2-4F86-BF04-4B4D78086C9E}.Release|Any CPU.Build.0 = Release|Any CPU
		{716D1C92-01F6-47F7-93FA-5C7062FA3E34}.Debug|Any CPU.ActiveCfg = Debug|Any CPU
		{716D1C92-01F6-47F7-93FA-5C7062FA3E34}.Debug|Any CPU.Build.0 = Debug|Any CPU
		{716D1C92-01F6-47F7-93FA-5C7062FA3E34}.Release|Any CPU.ActiveCfg = Release|Any CPU
		{716D1C92-01F6-47F7-93FA-5C7062FA3E34}.Release|Any CPU.Build.0 = Release|Any CPU
	EndGlobalSection
	GlobalSection(SolutionProperties) = preSolution
		HideSolutionNode = FALSE
	EndGlobalSection
	GlobalSection(ExtensibilityGlobals) = postSolution
		SolutionGuid = {B52AEE09-72CA-4526-BFD3-936BA976159A}
	EndGlobalSection
EndGlobal
